
Microsoft Visual Studio Solution File, Format Version 12.00
# Visual Studio Version 17
VisualStudioVersion = 17.14.36301.6 d17.14
MinimumVisualStudioVersion = 10.0.40219.1
Project("{FAE04EC0-301F-11D3-BF4B-00C04F79EFBC}") = "CCMS.PLL", "CCMS.PLL\CCMS.PLL.csproj", "{1645ACFC-C473-49F0-AD37-31DACE2C700F}"
EndProject
Project("{FAE04EC0-301F-11D3-BF4B-00C04F79EFBC}") = "CCMS.BLL", "CCMS.BLL\CCMS.BLL.csproj", "{ABA454B0-3186-49EB-B213-694E02C0014C}"
EndProject
Project("{FAE04EC0-301F-11D3-BF4B-00C04F79EFBC}") = "CCMS.DAL", "CCMS.DAL\CCMS.DAL.csproj", "{62673D4E-3B0B-4E4D-B5A2-2111877403B0}"
EndProject
Global
	GlobalSection(SolutionConfigurationPlatforms) = preSolution
		Debug|Any CPU = Debug|Any CPU
		Release|Any CPU = Release|Any CPU
	EndGlobalSection
	GlobalSection(ProjectConfigurationPlatforms) = postSolution
		{1645ACFC-C473-49F0-AD37-31DACE2C700F}.Debug|Any CPU.ActiveCfg = Debug|Any CPU
		{1645ACFC-C473-49F0-AD37-31DACE2C700F}.Debug|Any CPU.Build.0 = Debug|Any CPU
		{1645ACFC-C473-49F0-AD37-31DACE2C700F}.Release|Any CPU.ActiveCfg = Release|Any CPU
		{1645ACFC-C473-49F0-AD37-31DACE2C700F}.Release|Any CPU.Build.0 = Release|Any CPU
		{ABA454B0-3186-49EB-B213-694E02C0014C}.Debug|Any CPU.ActiveCfg = Debug|Any CPU
		{ABA454B0-3186-49EB-B213-694E02C0014C}.Debug|Any CPU.Build.0 = Debug|Any CPU
		{ABA454B0-3186-49EB-B213-694E02C0014C}.Release|Any CPU.ActiveCfg = Release|Any CPU
		{ABA454B0-3186-49EB-B213-694E02C0014C}.Release|Any CPU.Build.0 = Release|Any CPU
		{62673D4E-3B0B-4E4D-B5A2-2111877403B0}.Debug|Any CPU.ActiveCfg = Debug|Any CPU
		{62673D4E-3B0B-4E4D-B5A2-2111877403B0}.Debug|Any CPU.Build.0 = Debug|Any CPU
		{62673D4E-3B0B-4E4D-B5A2-2111877403B0}.Release|Any CPU.ActiveCfg = Release|Any CPU
		{62673D4E-3B0B-4E4D-B5A2-2111877403B0}.Release|Any CPU.Build.0 = Release|Any CPU
	EndGlobalSection
	GlobalSection(SolutionProperties) = preSolution
		HideSolutionNode = FALSE
	EndGlobalSection
	GlobalSection(ExtensibilityGlobals) = postSolution
		SolutionGuid = {F3DDD16E-8A01-4BCE-8F2E-4369C05A92F6}
	EndGlobalSection
EndGlobal
